{
  "name": "@ts-common/schema2ts",
  "version": "0.0.22",
  "lockfileVersion": 1,
  "requires": true,
  "dependencies": {
    "@ts-common/iterator": {
      "version": "0.0.26",
      "resolved": "https://registry.npmjs.org/@ts-common/iterator/-/iterator-0.0.26.tgz",
      "integrity": "sha512-kSYy4L/tHZC1koORrHdxHkd2WncD4N9OmyFqK+N1A76YnDFGut8PxBEP/VAHJLMNjvvz5U/zZS2TtoWr1BU1VQ==",
      "requires": {
        "@ts-common/tuple": "0.0.0"
      }
    },
    "@ts-common/json": {
      "version": "0.0.5",
      "resolved": "https://registry.npmjs.org/@ts-common/json/-/json-0.0.5.tgz",
      "integrity": "sha512-THIgTP0OhEz5hPEgTYIJZ4x1STzFDB0FJyBnzY6hE9O9+QvNN2heNzCoRRWt2z8Hg2XjCAgGtVwBqCW2VkGxWg==",
      "requires": {
        "@ts-common/iterator": "0.0.28"
      },
      "dependencies": {
        "@ts-common/iterator": {
          "version": "0.0.28",
          "resolved": "https://registry.npmjs.org/@ts-common/iterator/-/iterator-0.0.28.tgz",
          "integrity": "sha512-7POJ8qsjf65URfImsCzcCfxBOQThq/38ywe6/JUpx+niQji81oLRGGhl9gt1luHPjZS3bqTsitHG3RPngEJJFA==",
          "requires": {
            "@ts-common/tuple": "0.0.0"
          }
        }
      }
    },
    "@ts-common/schema": {
      "version": "0.0.2",
      "resolved": "https://registry.npmjs.org/@ts-common/schema/-/schema-0.0.2.tgz",
      "integrity": "sha512-YdN9hLzl4NPhhEAEtNOWvDJhgCC2GVIjuBsG/KnVfdMKDV/BjF9KEQQmnfjnQENZG9ng2JZ45hFc2YgDth/+sA=="
    },
    "@ts-common/string-map": {
      "version": "0.0.1",
      "resolved": "https://registry.npmjs.org/@ts-common/string-map/-/string-map-0.0.1.tgz",
      "integrity": "sha512-kDtKuCz4vAvpUl0kL0VV9Bk5T88aWtGNab1JcGV613tZ1wr/aZBD8d1nEfmxNqLhwWGQuFVwkDFCfX9Yl+JMMA==",
      "requires": {
        "@ts-common/iterator": "0.0.19"
      },
      "dependencies": {
        "@ts-common/iterator": {
          "version": "0.0.19",
          "resolved": "https://registry.npmjs.org/@ts-common/iterator/-/iterator-0.0.19.tgz",
          "integrity": "sha512-IRab7+EWMcMxdh2g9X4mWnaLCl1klHCWOC4kZxssFJ/zdbLlZK2ZZpxga957p/7PTZyLBVGsIErKnPCk7izkNA=="
        }
      }
    },
    "@ts-common/tuple": {
      "version": "0.0.0",
      "resolved": "https://registry.npmjs.org/@ts-common/tuple/-/tuple-0.0.0.tgz",
      "integrity": "sha512-4ETK16scspsJamVLbsBNTU/hnZUhY0gpTiIK2F7A/3Pr6kNg5FrPNu9x+aAx2OvfyGN+U8NiGROyaZXN4v1FHg=="
    },
    "@types/node": {
      "version": "10.5.2",
      "resolved": "https://registry.npmjs.org/@types/node/-/node-10.5.2.tgz",
      "integrity": "sha512-m9zXmifkZsMHZBOyxZWilMwmTlpC8x5Ty360JKTiXvlXZfBWYpsg9ZZvP/Ye+iZUh+Q+MxDLjItVTWIsfwz+8Q==",
      "dev": true
    },
    "tslib": {
      "version": "1.9.3",
      "resolved": "https://registry.npmjs.org/tslib/-/tslib-1.9.3.tgz",
      "integrity": "sha512-4krF8scpejhaOgqzBEcGM7yDIEfi0/8+8zDRZhNZZ2kjmHJ4hv3zCbQWxoJGz1iw5U0Jl0nma13xzHXcncMavQ=="
    },
    "typescript": {
      "version": "2.9.2",
      "resolved": "https://registry.npmjs.org/typescript/-/typescript-2.9.2.tgz",
      "integrity": "sha512-Gr4p6nFNaoufRIY4NMdpQRNmgxVIGMs4Fcu/ujdYk3nAZqk7supzBE9idmvfZIlH/Cuj//dvi+019qEue9lV0w==",
      "dev": true
    }
  }
}
